{
  "requires": true,
  "lockfileVersion": 1,
  "dependencies": {
    "@types/matter-js": {
      "version": "0.10.9",
      "resolved": "https://registry.npmjs.org/@types/matter-js/-/matter-js-0.10.9.tgz",
      "integrity": "sha512-/jj78J7/85d74w1zUNfViPuRwT5s4qlJ3Kb76WSiMhP4GgyNvIiVbZq02GxxiH5kEg85OfMTgQ1erHgDGEcUwA=="
    },
    "matter-js": {
      "version": "0.14.2",
      "resolved": "https://registry.npmjs.org/matter-js/-/matter-js-0.14.2.tgz",
      "integrity": "sha512-3ttVT8cJlQnGRjBa8MyVrGyvGmnmOkZ3YsyemIw+KwEEdVi70mo32FH1Eta2b3GfdDJFbMDRqyMQt4heNKBUEA=="
    }
  }
}
